
Microsoft Visual Studio Solution File, Format Version 12.00
# Visual Studio Version 17
VisualStudioVersion = 17.13.35931.197 d17.13
MinimumVisualStudioVersion = 10.0.40219.1
Project("{FAE04EC0-301F-11D3-BF4B-00C04F79EFBC}") = "Personal", "Personal.csproj", "{5D9C562F-68EC-4D8F-949E-98742A1BC1D9}"
EndProject
Global
	GlobalSection(SolutionConfigurationPlatforms) = preSolution
		Debug|Any CPU = Debug|Any CPU
		Release|Any CPU = Release|Any CPU
	EndGlobalSection
	GlobalSection(ProjectConfigurationPlatforms) = postSolution
		{5D9C562F-68EC-4D8F-949E-98742A1BC1D9}.Debug|Any CPU.ActiveCfg = Debug|Any CPU
		{5D9C562F-68EC-4D8F-949E-98742A1BC1D9}.Debug|Any CPU.Build.0 = Debug|Any CPU
		{5D9C562F-68EC-4D8F-949E-98742A1BC1D9}.Release|Any CPU.ActiveCfg = Release|Any CPU
		{5D9C562F-68EC-4D8F-949E-98742A1BC1D9}.Release|Any CPU.Build.0 = Release|Any CPU
	EndGlobalSection
	GlobalSection(SolutionProperties) = preSolution
		HideSolutionNode = FALSE
	EndGlobalSection
	GlobalSection(ExtensibilityGlobals) = postSolution
		SolutionGuid = {67EFD677-8980-41D0-B915-2BF05BD5DF9F}
	EndGlobalSection
EndGlobal
